{
  "nodes": {
    "fenix": {
      "inputs": {
        "nixpkgs": "nixpkgs",
        "rust-analyzer-src": "rust-analyzer-src"
      },
      "locked": {
        "lastModified": 1694586081,
        "narHash": "sha256-DNAohcMcTJNiFJ2hTTS6R+yaqVU+QVzp1uRsz0Ctiac=",
        "owner": "nix-community",
        "repo": "fenix",
        "rev": "b16b1f21654b9490c662f6fd0a8fe3774a4b1606",
        "type": "github"
      },
      "original": {
        "owner": "nix-community",
        "repo": "fenix",
        "type": "github"
      }
    },
    "flake-utils": {
      "inputs": {
        "systems": "systems"
      },
      "locked": {
        "lastModified": 1692799911,
        "narHash": "sha256-3eihraek4qL744EvQXsK1Ha6C3CR7nnT8X2qWap4RNk=",
        "owner": "numtide",
        "repo": "flake-utils",
        "rev": "f9e7cf818399d17d347f847525c5a5a8032e4e44",
        "type": "github"
      },
      "original": {
        "owner": "numtide",
        "repo": "flake-utils",
        "type": "github"
      }
    },
    "hardware": {
      "locked": {
        "lastModified": 1694591211,
        "narHash": "sha256-NPP7XGZH+Q5ey7nE2zGLrBrzKmLYPhj8YgsTSdhH0D4=",
        "owner": "NixOS",
        "repo": "nixos-hardware",
        "rev": "3ccd87fcdae4732fe33773cefa4375c641a057e7",
        "type": "github"
      },
      "original": {
        "owner": "NixOS",
        "ref": "master",
        "repo": "nixos-hardware",
        "type": "github"
      }
    },
    "home": {
      "inputs": {
        "nixpkgs": [
          "nixpkgs"
        ]
      },
      "locked": {
        "lastModified": 1694625190,
        "narHash": "sha256-O7S55MRK7HF44/EobulbVBC0EldceprKih7CXjoHRCg=",
        "owner": "nix-community",
        "repo": "home-manager",
        "rev": "d12c8fc85bf43436383fbb85194d5e8429baecc7",
        "type": "github"
      },
      "original": {
        "owner": "nix-community",
        "repo": "home-manager",
        "type": "github"
      }
    },
    "neocode": {
      "inputs": {
        "flake-utils": "flake-utils",
        "nixpkgs": [
          "nixpkgs"
        ]
      },
      "locked": {
        "lastModified": 1694590516,
        "narHash": "sha256-FQSSE9XqL6JCZv3DSp7w7NNnAyCfcE/DtxE1vUrJlQ0=",
        "owner": "aserowy",
        "repo": "neocode",
        "rev": "3ea0db9d4da419b11e85492ed5bbad1d2fed63a5",
        "type": "github"
      },
      "original": {
        "owner": "aserowy",
        "repo": "neocode",
        "type": "github"
      }
    },
    "nixpkgs": {
      "locked": {
        "lastModified": 1694422566,
        "narHash": "sha256-lHJ+A9esOz9vln/3CJG23FV6Wd2OoOFbDeEs4cMGMqc=",
        "owner": "nixos",
        "repo": "nixpkgs",
        "rev": "3a2786eea085f040a66ecde1bc3ddc7099f6dbeb",
        "type": "github"
      },
      "original": {
        "owner": "nixos",
        "ref": "nixos-unstable",
        "repo": "nixpkgs",
        "type": "github"
      }
    },
    "nixpkgs_2": {
      "locked": {
        "lastModified": 1694422566,
        "narHash": "sha256-lHJ+A9esOz9vln/3CJG23FV6Wd2OoOFbDeEs4cMGMqc=",
        "owner": "nixos",
        "repo": "nixpkgs",
        "rev": "3a2786eea085f040a66ecde1bc3ddc7099f6dbeb",
        "type": "github"
      },
      "original": {
        "owner": "nixos",
        "ref": "nixos-unstable",
        "repo": "nixpkgs",
        "type": "github"
      }
    },
    "root": {
      "inputs": {
        "fenix": "fenix",
        "hardware": "hardware",
        "home": "home",
        "neocode": "neocode",
        "nixpkgs": "nixpkgs_2"
      }
    },
    "rust-analyzer-src": {
      "flake": false,
      "locked": {
        "lastModified": 1694553088,
        "narHash": "sha256-vnPa/OueHI+Dx7NKB34f5SI7Mmz/VSrP+IAoGNKueU0=",
        "owner": "rust-lang",
        "repo": "rust-analyzer",
        "rev": "15e13561499dbe90ef07cf37a90c1cedafc53e28",
        "type": "github"
      },
      "original": {
        "owner": "rust-lang",
        "ref": "nightly",
        "repo": "rust-analyzer",
        "type": "github"
      }
    },
    "systems": {
      "locked": {
        "lastModified": 1681028828,
        "narHash": "sha256-Vy1rq5AaRuLzOxct8nz4T6wlgyUR7zLU309k9mBC768=",
        "owner": "nix-systems",
        "repo": "default",
        "rev": "da67096a3b9bf56a91d16901293e51ba5b49a27e",
        "type": "github"
      },
      "original": {
        "owner": "nix-systems",
        "repo": "default",
        "type": "github"
      }
    }
  },
  "root": "root",
  "version": 7
}
